
Microsoft Visual Studio Solution File, Format Version 12.00
# Visual Studio Version 17
VisualStudioVersion = 17.14.36401.2 d17.14
MinimumVisualStudioVersion = 10.0.40219.1
Project("{FAE04EC0-301F-11D3-BF4B-00C04F79EFBC}") = "INDWalks.API", "INDWalks.API\INDWalks.API.csproj", "{C09356F3-B355-4502-AD94-576CA098555A}"
EndProject
Global
	GlobalSection(SolutionConfigurationPlatforms) = preSolution
		Debug|Any CPU = Debug|Any CPU
		Release|Any CPU = Release|Any CPU
	EndGlobalSection
	GlobalSection(ProjectConfigurationPlatforms) = postSolution
		{C09356F3-B355-4502-AD94-576CA098555A}.Debug|Any CPU.ActiveCfg = Debug|Any CPU
		{C09356F3-B355-4502-AD94-576CA098555A}.Debug|Any CPU.Build.0 = Debug|Any CPU
		{C09356F3-B355-4502-AD94-576CA098555A}.Release|Any CPU.ActiveCfg = Release|Any CPU
		{C09356F3-B355-4502-AD94-576CA098555A}.Release|Any CPU.Build.0 = Release|Any CPU
	EndGlobalSection
	GlobalSection(SolutionProperties) = preSolution
		HideSolutionNode = FALSE
	EndGlobalSection
	GlobalSection(ExtensibilityGlobals) = postSolution
		SolutionGuid = {C7F587BA-6260-41CB-B8A3-DFFE6E5FD388}
	EndGlobalSection
EndGlobal
